
Microsoft Visual Studio Solution File, Format Version 12.00
# Visual Studio Version 17
VisualStudioVersion = 17.12.35527.113 d17.12
MinimumVisualStudioVersion = 10.0.40219.1
Project("{FAE04EC0-301F-11D3-BF4B-00C04F79EFBC}") = "MySQL Remote Link", "MySQL Remote Link\MySQL Remote Link.csproj", "{B37AAEAC-2D1B-44CC-8646-E4961781E860}"
EndProject
Global
	GlobalSection(SolutionConfigurationPlatforms) = preSolution
		Debug|Any CPU = Debug|Any CPU
		Release|Any CPU = Release|Any CPU
	EndGlobalSection
	GlobalSection(ProjectConfigurationPlatforms) = postSolution
		{B37AAEAC-2D1B-44CC-8646-E4961781E860}.Debug|Any CPU.ActiveCfg = Debug|Any CPU
		{B37AAEAC-2D1B-44CC-8646-E4961781E860}.Debug|Any CPU.Build.0 = Debug|Any CPU
		{B37AAEAC-2D1B-44CC-8646-E4961781E860}.Release|Any CPU.ActiveCfg = Release|Any CPU
		{B37AAEAC-2D1B-44CC-8646-E4961781E860}.Release|Any CPU.Build.0 = Release|Any CPU
	EndGlobalSection
	GlobalSection(SolutionProperties) = preSolution
		HideSolutionNode = FALSE
	EndGlobalSection
EndGlobal
